
Microsoft Visual Studio Solution File, Format Version 12.00
# Visual Studio Version 16
VisualStudioVersion = 16.0.29326.143
MinimumVisualStudioVersion = 10.0.40219.1
Project("{FAE04EC0-301F-11D3-BF4B-00C04F79EFBC}") = "MintPlayer.Crawler.Request", "MintPlayer.Crawler.Request\MintPlayer.Crawler.Request.csproj", "{8058A7DF-D0A7-4254-90E3-163DED765E5D}"
EndProject
Project("{FAE04EC0-301F-11D3-BF4B-00C04F79EFBC}") = "MintPlayer.Crawler", "MintPlayer.Crawler\MintPlayer.Crawler.csproj", "{1AF78488-5F13-4884-8C0E-8F52043D8559}"
EndProject
Project("{FAE04EC0-301F-11D3-BF4B-00C04F79EFBC}") = "MintPlayer.Crawler.Test", "MintPlayer.Crawler.Test\MintPlayer.Crawler.Test.csproj", "{E3881A0A-0B7C-406F-A1F2-9AAA7E86879A}"
EndProject
Global
	GlobalSection(SolutionConfigurationPlatforms) = preSolution
		Debug|Any CPU = Debug|Any CPU
		Release|Any CPU = Release|Any CPU
	EndGlobalSection
	GlobalSection(ProjectConfigurationPlatforms) = postSolution
		{8058A7DF-D0A7-4254-90E3-163DED765E5D}.Debug|Any CPU.ActiveCfg = Debug|Any CPU
		{8058A7DF-D0A7-4254-90E3-163DED765E5D}.Debug|Any CPU.Build.0 = Debug|Any CPU
		{8058A7DF-D0A7-4254-90E3-163DED765E5D}.Release|Any CPU.ActiveCfg = Release|Any CPU
		{8058A7DF-D0A7-4254-90E3-163DED765E5D}.Release|Any CPU.Build.0 = Release|Any CPU
		{1AF78488-5F13-4884-8C0E-8F52043D8559}.Debug|Any CPU.ActiveCfg = Debug|Any CPU
		{1AF78488-5F13-4884-8C0E-8F52043D8559}.Debug|Any CPU.Build.0 = Debug|Any CPU
		{1AF78488-5F13-4884-8C0E-8F52043D8559}.Release|Any CPU.ActiveCfg = Release|Any CPU
		{1AF78488-5F13-4884-8C0E-8F52043D8559}.Release|Any CPU.Build.0 = Release|Any CPU
		{E3881A0A-0B7C-406F-A1F2-9AAA7E86879A}.Debug|Any CPU.ActiveCfg = Debug|Any CPU
		{E3881A0A-0B7C-406F-A1F2-9AAA7E86879A}.Debug|Any CPU.Build.0 = Debug|Any CPU
		{E3881A0A-0B7C-406F-A1F2-9AAA7E86879A}.Release|Any CPU.ActiveCfg = Release|Any CPU
		{E3881A0A-0B7C-406F-A1F2-9AAA7E86879A}.Release|Any CPU.Build.0 = Release|Any CPU
	EndGlobalSection
	GlobalSection(SolutionProperties) = preSolution
		HideSolutionNode = FALSE
	EndGlobalSection
	GlobalSection(ExtensibilityGlobals) = postSolution
		SolutionGuid = {469B5650-3402-45B7-B1B3-29D2E8BED1AC}
	EndGlobalSection
EndGlobal
